{
  "version": 4,
  "terraform_version": "0.15.4",
  "serial": 30,
  "lineage": "be7aa198-3c7b-4c74-41f0-b3d7da5bce8f",
  "outputs": {},
  "resources": [
    {
      "mode": "data",
      "type": "aws_ami",
      "name": "eks-worker",
      "provider": "provider[\"registry.terraform.io/hashicorp/aws\"]",
      "instances": [
        {
          "schema_version": 0,
          "attributes": {
            "architecture": "x86_64",
            "arn": "arn:aws:ec2:ap-south-1::image/ami-04187ebe7417f5bbb",
            "block_device_mappings": [
              {
                "device_name": "/dev/xvda",
                "ebs": {
                  "delete_on_termination": "true",
                  "encrypted": "false",
                  "iops": "0",
                  "snapshot_id": "snap-04c5d732b3b3f3864",
                  "throughput": "0",
                  "volume_size": "20",
                  "volume_type": "gp2"
                },
                "no_device": "",
                "virtual_name": ""
              }
            ],
            "creation_date": "2021-07-20T02:40:48.000Z",
            "description": "EKS Kubernetes Worker AMI with AmazonLinux2 image, (k8s: 1.20.4, docker: 19.03.13ce-1.amzn2, containerd: 1.4.1-2.amzn2)",
            "ena_support": true,
            "executable_users": null,
            "filter": [
              {
                "name": "name",
                "values": [
                  "amazon-eks-node-1.20-v*"
                ]
              }
            ],
            "hypervisor": "xen",
            "id": "ami-04187ebe7417f5bbb",
            "image_id": "ami-04187ebe7417f5bbb",
            "image_location": "amazon/amazon-eks-node-1.20-v20210720",
            "image_owner_alias": "amazon",
            "image_type": "machine",
            "kernel_id": null,
            "most_recent": true,
            "name": "amazon-eks-node-1.20-v20210720",
            "name_regex": null,
            "owner_id": "602401143452",
            "owners": [
              "602401143452"
            ],
            "platform": null,
            "platform_details": "Linux/UNIX",
            "product_codes": [],
            "public": true,
            "ramdisk_id": null,
            "root_device_name": "/dev/xvda",
            "root_device_type": "ebs",
            "root_snapshot_id": "snap-04c5d732b3b3f3864",
            "sriov_net_support": "simple",
            "state": "available",
            "state_reason": {
              "code": "UNSET",
              "message": "UNSET"
            },
            "tags": {},
            "usage_operation": "RunInstances",
            "virtualization_type": "hvm"
          },
          "sensitive_attributes": []
        }
      ]
    },
    {
      "mode": "managed",
      "type": "aws_eks_cluster",
      "name": "demo",
      "provider": "provider[\"registry.terraform.io/hashicorp/aws\"]",
      "instances": [
        {
          "schema_version": 0,
          "attributes": {
            "arn": "arn:aws:eks:ap-south-1:638996407743:cluster/test",
            "certificate_authority": [
              {
                "data": "LS0tLS1CRUdJTiBDRVJUSUZJQ0FURS0tLS0tCk1JSUM1ekNDQWMrZ0F3SUJBZ0lCQURBTkJna3Foa2lHOXcwQkFRc0ZBREFWTVJNd0VRWURWUVFERXdwcmRXSmwKY201bGRHVnpNQjRYRFRJeE1EY3lNekF3TURZek1Gb1hEVE14TURjeU1UQXdNRFl6TUZvd0ZURVRNQkVHQTFVRQpBeE1LYTNWaVpYSnVaWFJsY3pDQ0FTSXdEUVlKS29aSWh2Y05BUUVCQlFBRGdnRVBBRENDQVFvQ2dnRUJBTmt2CjBidFNITXdzejNvQVhEVkhIMlZhK01XeC9xL0lZdzBhVzBGYndJa2tjMStWWUtFUnhCTEJzcENiVk1hVDE3QkkKckVWcDlHZkJUaWhMU3ZnYm5QdUUwcWtkYW1IR3ZmVi9tejFEbFlqSm1nUzl5N1FlSVVCQjd0Mi92SDcwL1FhZgpGb1NWOWpJM0IyRlVuV25NNWR2UnJ1VW5lTFhSQkdCV3dIWlV6MWplMFZCcE5rNk81a1FIZVY1RWxWTnNIQ2lnCnNGZ1JyQTFBTEZhNE5ndEpuM3RqRTVqRi9hMmV4R25UNGZ0cmJtQTdhZU1vNzFMNEttYW1WL2REa0k5aWV2QUMKVVBlczJ1UUdyTDFPUlhSVWRJVGkxS1hyaFRtM0I3RXhZSG1pWkpVL0prYmRraDIrMVhKS2Nyc09hQnFVTVpWRQpKYW1mMGZPK0VtdEJnZ0cwdUFjQ0F3RUFBYU5DTUVBd0RnWURWUjBQQVFIL0JBUURBZ0trTUE4R0ExVWRFd0VCCi93UUZNQU1CQWY4d0hRWURWUjBPQkJZRUZGUExjZGQzZk13a3JIdFVuem5SY2wxZlRCODBNQTBHQ1NxR1NJYjMKRFFFQkN3VUFBNElCQVFEUmRkUlpPUTIyQ0QwM0l5SzlwYXcxMFJNMjhjYWJUeFg4dUVVNmxtemFrWk5Ed3VpQQpYNXZTenlBQnBOc1p5REtnMHM2LzMyOHMrWkNxc0tqSk5TUjdVNDNWSUp3VlRnTjVmVHo5ZCswTUFLWk1QZEIyCmVFMFQrVGVvYk1LVUpURm04U00rWTVNWXBlK1JPYTEzb1RLODhtQnlCNkFsZTVEa0d2cWtqWjB5ZTBJVDgwMFQKd3pSZHZNODJlaklXSlBpQ3JqWTl3MXRMTlIvOWFob0VxVHBQK3hpa2huYmw5bkJWV1JoTEFZT2xlNjZSOEVTcgpZbmJJalFTYVBtckFXM29YRnR4OExuUlNDczJPK0FMVjgzdzFkb0VqYlRBRS9KYm9jT3Bhc1dwUlpLcURoZVRKCmZoUFBpWkJONnZydXpIUjF1bWcrMmNVYUE2aFRqQy9TeEZ3eQotLS0tLUVORCBDRVJUSUZJQ0FURS0tLS0tCg=="
              }
            ],
            "created_at": "2021-07-23 00:01:11.436 +0000 UTC",
            "enabled_cluster_log_types": null,
            "encryption_config": [],
            "endpoint": "https://6D14E5F2E9BF7D1A9F87E0427D0F0F38.gr7.ap-south-1.eks.amazonaws.com",
            "id": "test",
            "identity": [
              {
                "oidc": [
                  {
                    "issuer": "https://oidc.eks.ap-south-1.amazonaws.com/id/6D14E5F2E9BF7D1A9F87E0427D0F0F38"
                  }
                ]
              }
            ],
            "kubernetes_network_config": [
              {
                "service_ipv4_cidr": "10.100.0.0/16"
              }
            ],
            "name": "test",
            "platform_version": "eks.2",
            "role_arn": "arn:aws:iam::638996407743:role/test",
            "status": "ACTIVE",
            "tags": null,
            "tags_all": {},
            "timeouts": null,
            "version": "1.20",
            "vpc_config": [
              {
                "cluster_security_group_id": "sg-0f3f48b21bd989974",
                "endpoint_private_access": false,
                "endpoint_public_access": true,
                "public_access_cidrs": [
                  "0.0.0.0/0"
                ],
                "security_group_ids": null,
                "subnet_ids": [
                  "subnet-550f1a3d",
                  "subnet-93cdb6df"
                ],
                "vpc_id": "vpc-2a3bd741"
              }
            ]
          },
          "sensitive_attributes": [],
          "private": "eyJlMmJmYjczMC1lY2FhLTExZTYtOGY4OC0zNDM2M2JjN2M0YzAiOnsiY3JlYXRlIjoxODAwMDAwMDAwMDAwLCJkZWxldGUiOjkwMDAwMDAwMDAwMCwidXBkYXRlIjozNjAwMDAwMDAwMDAwfX0=",
          "dependencies": [
            "aws_iam_role.demo",
            "aws_iam_role_policy_attachment.demo-AmazonEKSClusterPolicy",
            "aws_iam_role_policy_attachment.demo-AmazonEKSVPCResourceController"
          ],
          "create_before_destroy": true
        }
      ]
    },
    {
      "mode": "managed",
      "type": "aws_iam_role",
      "name": "demo",
      "provider": "provider[\"registry.terraform.io/hashicorp/aws\"]",
      "instances": [
        {
          "schema_version": 0,
          "attributes": {
            "arn": "arn:aws:iam::638996407743:role/test",
            "assume_role_policy": "{\"Version\":\"2012-10-17\",\"Statement\":[{\"Effect\":\"Allow\",\"Principal\":{\"Service\":\"eks.amazonaws.com\"},\"Action\":\"sts:AssumeRole\"}]}",
            "create_date": "2021-07-23T00:01:04Z",
            "description": "",
            "force_detach_policies": false,
            "id": "test",
            "inline_policy": [
              {
                "name": "",
                "policy": ""
              }
            ],
            "managed_policy_arns": [],
            "max_session_duration": 3600,
            "name": "test",
            "name_prefix": null,
            "path": "/",
            "permissions_boundary": null,
            "tags": null,
            "tags_all": {},
            "unique_id": "AROAZJRZHMW73JRYKRWIS"
          },
          "sensitive_attributes": [],
          "private": "bnVsbA==",
          "create_before_destroy": true
        }
      ]
    },
    {
      "mode": "managed",
      "type": "aws_iam_role",
      "name": "example",
      "provider": "provider[\"registry.terraform.io/hashicorp/aws\"]",
      "instances": [
        {
          "schema_version": 0,
          "attributes": {
            "arn": "arn:aws:iam::638996407743:role/eks-node-group-example",
            "assume_role_policy": "{\"Version\":\"2012-10-17\",\"Statement\":[{\"Effect\":\"Allow\",\"Principal\":{\"Service\":\"ec2.amazonaws.com\"},\"Action\":\"sts:AssumeRole\"}]}",
            "create_date": "2021-07-23T00:01:04Z",
            "description": "",
            "force_detach_policies": false,
            "id": "eks-node-group-example",
            "inline_policy": [
              {
                "name": "",
                "policy": ""
              }
            ],
            "managed_policy_arns": [],
            "max_session_duration": 3600,
            "name": "eks-node-group-example",
            "name_prefix": null,
            "path": "/",
            "permissions_boundary": null,
            "tags": null,
            "tags_all": {},
            "unique_id": "AROAZJRZHMW7U4UTI4TCO"
          },
          "sensitive_attributes": [],
          "private": "bnVsbA=="
        }
      ]
    },
    {
      "mode": "managed",
      "type": "aws_iam_role_policy_attachment",
      "name": "demo-AmazonEKSClusterPolicy",
      "provider": "provider[\"registry.terraform.io/hashicorp/aws\"]",
      "instances": [
        {
          "schema_version": 0,
          "attributes": {
            "id": "test-20210723000108436600000003",
            "policy_arn": "arn:aws:iam::aws:policy/AmazonEKSClusterPolicy",
            "role": "test"
          },
          "sensitive_attributes": [],
          "private": "bnVsbA==",
          "dependencies": [
            "aws_iam_role.demo"
          ],
          "create_before_destroy": true
        }
      ]
    },
    {
      "mode": "managed",
      "type": "aws_iam_role_policy_attachment",
      "name": "demo-AmazonEKSVPCResourceController",
      "provider": "provider[\"registry.terraform.io/hashicorp/aws\"]",
      "instances": [
        {
          "schema_version": 0,
          "attributes": {
            "id": "test-20210723000108424900000001",
            "policy_arn": "arn:aws:iam::aws:policy/AmazonEKSVPCResourceController",
            "role": "test"
          },
          "sensitive_attributes": [],
          "private": "bnVsbA==",
          "dependencies": [
            "aws_iam_role.demo"
          ],
          "create_before_destroy": true
        }
      ]
    },
    {
      "mode": "managed",
      "type": "aws_iam_role_policy_attachment",
      "name": "example-AmazonEC2ContainerRegistryReadOnly",
      "provider": "provider[\"registry.terraform.io/hashicorp/aws\"]",
      "instances": [
        {
          "schema_version": 0,
          "attributes": {
            "id": "eks-node-group-example-20210723000108458600000005",
            "policy_arn": "arn:aws:iam::aws:policy/AmazonEC2ContainerRegistryReadOnly",
            "role": "eks-node-group-example"
          },
          "sensitive_attributes": [],
          "private": "bnVsbA==",
          "dependencies": [
            "aws_iam_role.example"
          ]
        }
      ]
    },
    {
      "mode": "managed",
      "type": "aws_iam_role_policy_attachment",
      "name": "example-AmazonEKSWorkerNodePolicy",
      "provider": "provider[\"registry.terraform.io/hashicorp/aws\"]",
      "instances": [
        {
          "schema_version": 0,
          "attributes": {
            "id": "eks-node-group-example-20210723000108436500000002",
            "policy_arn": "arn:aws:iam::aws:policy/AmazonEKSWorkerNodePolicy",
            "role": "eks-node-group-example"
          },
          "sensitive_attributes": [],
          "private": "bnVsbA==",
          "dependencies": [
            "aws_iam_role.example"
          ]
        }
      ]
    },
    {
      "mode": "managed",
      "type": "aws_iam_role_policy_attachment",
      "name": "example-AmazonEKS_CNI_Policy",
      "provider": "provider[\"registry.terraform.io/hashicorp/aws\"]",
      "instances": [
        {
          "schema_version": 0,
          "attributes": {
            "id": "eks-node-group-example-20210723000108443400000004",
            "policy_arn": "arn:aws:iam::aws:policy/AmazonEKS_CNI_Policy",
            "role": "eks-node-group-example"
          },
          "sensitive_attributes": [],
          "private": "bnVsbA==",
          "dependencies": [
            "aws_iam_role.example"
          ]
        }
      ]
    },
    {
      "mode": "managed",
      "type": "aws_launch_configuration",
      "name": "demo",
      "provider": "provider[\"registry.terraform.io/hashicorp/aws\"]",
      "instances": [
        {
          "schema_version": 0,
          "attributes": {
            "arn": "arn:aws:autoscaling:ap-south-1:638996407743:launchConfiguration:f47c979b-1720-4510-a342-296e070b6101:launchConfigurationName/terraform-eks-demo20210723001021001500000006",
            "associate_public_ip_address": true,
            "ebs_block_device": [],
            "ebs_optimized": false,
            "enable_monitoring": true,
            "ephemeral_block_device": [],
            "iam_instance_profile": "",
            "id": "terraform-eks-demo20210723001021001500000006",
            "image_id": "ami-04187ebe7417f5bbb",
            "instance_type": "t2.large",
            "key_name": "",
            "metadata_options": [],
            "name": "terraform-eks-demo20210723001021001500000006",
            "name_prefix": "terraform-eks-demo",
            "placement_tenancy": null,
            "root_block_device": [],
            "security_groups": [
              "sg-02c124343935b9d8c"
            ],
            "spot_price": "",
            "user_data": null,
            "user_data_base64": "IyEvYmluL2Jhc2gKc2V0IC1vIHh0cmFjZQovZXRjL2Vrcy9ib290c3RyYXAuc2ggLS1hcGlzZXJ2ZXItZW5kcG9pbnQgJ2h0dHBzOi8vNkQxNEU1RjJFOUJGN0QxQTlGODdFMDQyN0QwRjBGMzguZ3I3LmFwLXNvdXRoLTEuZWtzLmFtYXpvbmF3cy5jb20nIC0tYjY0LWNsdXN0ZXItY2EgJ0xTMHRMUzFDUlVkSlRpQkRSVkpVU1VaSlEwRlVSUzB0TFMwdENrMUpTVU0xZWtORFFXTXJaMEYzU1VKQlowbENRVVJCVGtKbmEzRm9hMmxIT1hjd1FrRlJjMFpCUkVGV1RWSk5kMFZSV1VSV1VWRkVSWGR3Y21SWFNtd0tZMjAxYkdSSFZucE5RalJZUkZSSmVFMUVZM2xOZWtGM1RVUlplazFHYjFoRVZFMTRUVVJqZVUxVVFYZE5SRmw2VFVadmQwWlVSVlJOUWtWSFFURlZSUXBCZUUxTFlUTldhVnBZU25WYVdGSnNZM3BEUTBGVFNYZEVVVmxLUzI5YVNXaDJZMDVCVVVWQ1FsRkJSR2RuUlZCQlJFTkRRVkZ2UTJkblJVSkJUbXQyQ2pCaWRGTklUWGR6ZWpOdlFWaEVWa2hJTWxaaEswMVhlQzl4TDBsWmR6QmhWekJHWW5kSmEydGpNU3RXV1V0RlVuaENURUp6Y0VOaVZrMWhWREUzUWtrS2NrVldjRGxIWmtKVWFXaE1VM1puWW01UWRVVXdjV3RrWVcxSVIzWm1WaTl0ZWpGRWJGbHFTbTFuVXpsNU4xRmxTVlZDUWpkME1pOTJTRGN3TDFGaFpncEdiMU5XT1dwSk0wSXlSbFZ1VjI1Tk5XUjJVbkoxVlc1bFRGaFNRa2RDVjNkSVdsVjZNV3BsTUZaQ2NFNXJOazgxYTFGSVpWWTFSV3hXVG5OSVEybG5Dbk5HWjFKeVFURkJURVpoTkU1bmRFcHVNM1JxUlRWcVJpOWhNbVY0UjI1VU5HWjBjbUp0UVRkaFpVMXZOekZNTkV0dFlXMVdMMlJFYTBrNWFXVjJRVU1LVlZCbGN6SjFVVWR5VERGUFVsaFNWV1JKVkdreFMxaHlhRlJ0TTBJM1JYaFpTRzFwV2twVkwwcHJZbVJyYURJck1WaEtTMk55YzA5aFFuRlZUVnBXUlFwS1lXMW1NR1pQSzBWdGRFSm5aMGN3ZFVGalEwRjNSVUZCWVU1RFRVVkJkMFJuV1VSV1VqQlFRVkZJTDBKQlVVUkJaMHRyVFVFNFIwRXhWV1JGZDBWQ0NpOTNVVVpOUVUxQ1FXWTRkMGhSV1VSV1VqQlBRa0paUlVaR1VFeGpaR1F6WmsxM2EzSklkRlZ1ZW01U1kyd3habFJDT0RCTlFUQkhRMU54UjFOSllqTUtSRkZGUWtOM1ZVRkJORWxDUVZGRVVtUmtVbHBQVVRJeVEwUXdNMGw1U3psd1lYY3hNRkpOTWpoallXSlVlRmc0ZFVWVk5teHRlbUZyV2s1RWQzVnBRUXBZTlhaVGVubEJRbkJPYzFwNVJFdG5NSE0yTHpNeU9ITXJXa054YzB0cVNrNVRVamRWTkROV1NVcDNWbFJuVGpWbVZIbzVaQ3N3VFVGTFdrMVFaRUl5Q21WRk1GUXJWR1Z2WWsxTFZVcFVSbTA0VTAwcldUVk5XWEJsSzFKUFlURXpiMVJMT0RodFFubENOa0ZzWlRWRWEwZDJjV3RxV2pCNVpUQkpWRGd3TUZRS2QzcFNaSFpOT0RKbGFrbFhTbEJwUTNKcVdUbDNNWFJNVGxJdk9XRm9iMFZ4VkhCUUszaHBhMmh1WW13NWJrSldWMUpvVEVGWlQyeGxOalpTT0VWVGNncFpibUpKYWxGVFlWQnRja0ZYTTI5WVJuUjRPRXh1VWxORGN6SlBLMEZNVmpnemR6RmtiMFZxWWxSQlJTOUtZbTlqVDNCaGMxZHdVbHBMY1VSb1pWUktDbVpvVUZCcFdrSk9Oblp5ZFhwSVVqRjFiV2NyTW1OVllVRTJhRlJxUXk5VGVFWjNlUW90TFMwdExVVk9SQ0JEUlZKVVNVWkpRMEZVUlMwdExTMHRDZz09JyAndGVzdCcK",
            "vpc_classic_link_id": "",
            "vpc_classic_link_security_groups": null
          },
          "sensitive_attributes": [],
          "private": "bnVsbA==",
          "dependencies": [
            "aws_eks_cluster.demo",
            "aws_iam_role.demo",
            "aws_iam_role_policy_attachment.demo-AmazonEKSClusterPolicy",
            "aws_iam_role_policy_attachment.demo-AmazonEKSVPCResourceController",
            "aws_security_group.demo-node",
            "data.aws_ami.eks-worker"
          ],
          "create_before_destroy": true
        }
      ]
    },
    {
      "mode": "managed",
      "type": "aws_security_group",
      "name": "demo-cluster",
      "provider": "provider[\"registry.terraform.io/hashicorp/aws\"]",
      "instances": [
        {
          "schema_version": 1,
          "attributes": {
            "arn": "arn:aws:ec2:ap-south-1:638996407743:security-group/sg-07da13d0e9639a12c",
            "description": "Cluster communication with worker nodes",
            "egress": [
              {
                "cidr_blocks": [
                  "0.0.0.0/0"
                ],
                "description": "",
                "from_port": 0,
                "ipv6_cidr_blocks": [],
                "prefix_list_ids": [],
                "protocol": "-1",
                "security_groups": [],
                "self": false,
                "to_port": 0
              }
            ],
            "id": "sg-07da13d0e9639a12c",
            "ingress": [],
            "name": "terraform-eks-demo-cluster",
            "name_prefix": "",
            "owner_id": "638996407743",
            "revoke_rules_on_delete": false,
            "tags": {
              "Name": "terraform-eks-demo"
            },
            "tags_all": {
              "Name": "terraform-eks-demo"
            },
            "timeouts": null,
            "vpc_id": "vpc-2a3bd741"
          },
          "sensitive_attributes": [],
          "private": "eyJlMmJmYjczMC1lY2FhLTExZTYtOGY4OC0zNDM2M2JjN2M0YzAiOnsiY3JlYXRlIjo2MDAwMDAwMDAwMDAsImRlbGV0ZSI6OTAwMDAwMDAwMDAwfSwic2NoZW1hX3ZlcnNpb24iOiIxIn0="
        }
      ]
    },
    {
      "mode": "managed",
      "type": "aws_security_group",
      "name": "demo-node",
      "provider": "provider[\"registry.terraform.io/hashicorp/aws\"]",
      "instances": [
        {
          "schema_version": 1,
          "attributes": {
            "arn": "arn:aws:ec2:ap-south-1:638996407743:security-group/sg-02c124343935b9d8c",
            "description": "Security group for all nodes in the cluster",
            "egress": [
              {
                "cidr_blocks": [
                  "0.0.0.0/0"
                ],
                "description": "",
                "from_port": 0,
                "ipv6_cidr_blocks": [],
                "prefix_list_ids": [],
                "protocol": "-1",
                "security_groups": [],
                "self": false,
                "to_port": 0
              }
            ],
            "id": "sg-02c124343935b9d8c",
            "ingress": [],
            "name": "terraform-eks-demo-node",
            "name_prefix": "",
            "owner_id": "638996407743",
            "revoke_rules_on_delete": false,
            "tags": {
              "Name": "terraform-eks-demo-node",
              "kubernetes.io/cluster/test": "owned"
            },
            "tags_all": {
              "Name": "terraform-eks-demo-node",
              "kubernetes.io/cluster/test": "owned"
            },
            "timeouts": null,
            "vpc_id": "vpc-2a3bd741"
          },
          "sensitive_attributes": [],
          "private": "eyJlMmJmYjczMC1lY2FhLTExZTYtOGY4OC0zNDM2M2JjN2M0YzAiOnsiY3JlYXRlIjo2MDAwMDAwMDAwMDAsImRlbGV0ZSI6OTAwMDAwMDAwMDAwfSwic2NoZW1hX3ZlcnNpb24iOiIxIn0=",
          "create_before_destroy": true
        }
      ]
    },
    {
      "mode": "managed",
      "type": "aws_security_group_rule",
      "name": "demo-cluster-ingress-node-https",
      "provider": "provider[\"registry.terraform.io/hashicorp/aws\"]",
      "instances": [
        {
          "schema_version": 2,
          "attributes": {
            "cidr_blocks": null,
            "description": "Allow pods to communicate with the cluster API Server",
            "from_port": 443,
            "id": "sgrule-130829265",
            "ipv6_cidr_blocks": null,
            "prefix_list_ids": null,
            "protocol": "tcp",
            "security_group_id": "sg-07da13d0e9639a12c",
            "self": false,
            "source_security_group_id": "sg-02c124343935b9d8c",
            "to_port": 443,
            "type": "ingress"
          },
          "sensitive_attributes": [],
          "private": "eyJzY2hlbWFfdmVyc2lvbiI6IjIifQ==",
          "dependencies": [
            "aws_security_group.demo-cluster",
            "aws_security_group.demo-node"
          ]
        }
      ]
    },
    {
      "mode": "managed",
      "type": "aws_security_group_rule",
      "name": "demo-node-ingress-cluster",
      "provider": "provider[\"registry.terraform.io/hashicorp/aws\"]",
      "instances": [
        {
          "schema_version": 2,
          "attributes": {
            "cidr_blocks": null,
            "description": "Allow worker Kubelets and pods to receive communication from the cluster control plane",
            "from_port": 1025,
            "id": "sgrule-1584351977",
            "ipv6_cidr_blocks": null,
            "prefix_list_ids": null,
            "protocol": "tcp",
            "security_group_id": "sg-02c124343935b9d8c",
            "self": false,
            "source_security_group_id": "sg-07da13d0e9639a12c",
            "to_port": 65535,
            "type": "ingress"
          },
          "sensitive_attributes": [],
          "private": "eyJzY2hlbWFfdmVyc2lvbiI6IjIifQ==",
          "dependencies": [
            "aws_security_group.demo-cluster",
            "aws_security_group.demo-node"
          ]
        }
      ]
    },
    {
      "mode": "managed",
      "type": "aws_security_group_rule",
      "name": "demo-node-ingress-self",
      "provider": "provider[\"registry.terraform.io/hashicorp/aws\"]",
      "instances": [
        {
          "schema_version": 2,
          "attributes": {
            "cidr_blocks": null,
            "description": "Allow node to communicate with each other",
            "from_port": 0,
            "id": "sgrule-1500886810",
            "ipv6_cidr_blocks": null,
            "prefix_list_ids": null,
            "protocol": "-1",
            "security_group_id": "sg-02c124343935b9d8c",
            "self": false,
            "source_security_group_id": "sg-02c124343935b9d8c",
            "to_port": 65535,
            "type": "ingress"
          },
          "sensitive_attributes": [],
          "private": "eyJzY2hlbWFfdmVyc2lvbiI6IjIifQ==",
          "dependencies": [
            "aws_security_group.demo-node"
          ]
        }
      ]
    }
  ]
}
